
Microsoft Visual Studio Solution File, Format Version 12.00
# Visual Studio Version 17
VisualStudioVersion = 17.13.35806.99 d17.13
MinimumVisualStudioVersion = 10.0.40219.1
Project("{FAE04EC0-301F-11D3-BF4B-00C04F79EFBC}") = "TestAssignmentWebApp", "TestAssignmentWebApp.csproj", "{AF45E890-694A-4BB4-AFE7-4D6BEBA9BD5E}"
EndProject
Global
	GlobalSection(SolutionConfigurationPlatforms) = preSolution
		Debug|Any CPU = Debug|Any CPU
		Release|Any CPU = Release|Any CPU
	EndGlobalSection
	GlobalSection(ProjectConfigurationPlatforms) = postSolution
		{AF45E890-694A-4BB4-AFE7-4D6BEBA9BD5E}.Debug|Any CPU.ActiveCfg = Debug|Any CPU
		{AF45E890-694A-4BB4-AFE7-4D6BEBA9BD5E}.Debug|Any CPU.Build.0 = Debug|Any CPU
		{AF45E890-694A-4BB4-AFE7-4D6BEBA9BD5E}.Release|Any CPU.ActiveCfg = Release|Any CPU
		{AF45E890-694A-4BB4-AFE7-4D6BEBA9BD5E}.Release|Any CPU.Build.0 = Release|Any CPU
	EndGlobalSection
	GlobalSection(SolutionProperties) = preSolution
		HideSolutionNode = FALSE
	EndGlobalSection
	GlobalSection(ExtensibilityGlobals) = postSolution
		SolutionGuid = {E7314AC3-D231-4EC6-8A7B-C34A13B7CD23}
	EndGlobalSection
EndGlobal
